
Microsoft Visual Studio Solution File, Format Version 12.00
# Visual Studio Version 17
VisualStudioVersion = 17.1.32414.318
MinimumVisualStudioVersion = 10.0.40219.1
Project("{9A19103F-16F7-4668-BE54-9A1E7A4F7556}") = "PRO506", "PRO506\PRO506.csproj", "{43ADF543-7F27-4061-9E33-117FF12E6E4D}"
EndProject
Project("{FAE04EC0-301F-11D3-BF4B-00C04F79EFBC}") = "Tests", "Tests\Tests.csproj", "{4D62D26A-128E-44F2-9339-061B74DB1BB5}"
EndProject
Global
	GlobalSection(SolutionConfigurationPlatforms) = preSolution
		Debug|Any CPU = Debug|Any CPU
		Release|Any CPU = Release|Any CPU
	EndGlobalSection
	GlobalSection(ProjectConfigurationPlatforms) = postSolution
		{43ADF543-7F27-4061-9E33-117FF12E6E4D}.Debug|Any CPU.ActiveCfg = Debug|Any CPU
		{43ADF543-7F27-4061-9E33-117FF12E6E4D}.Debug|Any CPU.Build.0 = Debug|Any CPU
		{43ADF543-7F27-4061-9E33-117FF12E6E4D}.Release|Any CPU.ActiveCfg = Release|Any CPU
		{43ADF543-7F27-4061-9E33-117FF12E6E4D}.Release|Any CPU.Build.0 = Release|Any CPU
		{4D62D26A-128E-44F2-9339-061B74DB1BB5}.Debug|Any CPU.ActiveCfg = Debug|Any CPU
		{4D62D26A-128E-44F2-9339-061B74DB1BB5}.Debug|Any CPU.Build.0 = Debug|Any CPU
		{4D62D26A-128E-44F2-9339-061B74DB1BB5}.Release|Any CPU.ActiveCfg = Release|Any CPU
		{4D62D26A-128E-44F2-9339-061B74DB1BB5}.Release|Any CPU.Build.0 = Release|Any CPU
	EndGlobalSection
	GlobalSection(SolutionProperties) = preSolution
		HideSolutionNode = FALSE
	EndGlobalSection
	GlobalSection(ExtensibilityGlobals) = postSolution
		SolutionGuid = {E3F87323-86AE-41DD-95C3-445F32C797F6}
	EndGlobalSection
EndGlobal
